// !$*UTF8*$!
{
	archiveVersion = 1;
	classes = {
	};
	objectVersion = 46;
	objects = {

/* Begin PBXBuildFile section */
		1A51627C1B3E878A009B1AF9 /* main.m in Sources */ = {isa = PBXBuildFile; fileRef = 1A51627B1B3E878A009B1AF9 /* main.m */; };
		1A51627F1B3E878A009B1AF9 /* AppDelegate.m in Sources */ = {isa = PBXBuildFile; fileRef = 1A51627E1B3E878A009B1AF9 /* AppDelegate.m */; };
		1A5162871B3E878A009B1AF9 /* Images.xcassets in Resources */ = {isa = PBXBuildFile; fileRef = 1A5162861B3E878A009B1AF9 /* Images.xcassets */; };
		1A51628A1B3E878A009B1AF9 /* LaunchScreen.xib in Resources */ = {isa = PBXBuildFile; fileRef = 1A5162881B3E878A009B1AF9 /* LaunchScreen.xib */; };
		1A5162961B3E878A009B1AF9 /* testforGitTests.m in Sources */ = {isa = PBXBuildFile; fileRef = 1A5162951B3E878A009B1AF9 /* testforGitTests.m */; };
		1A5162A01B3E8921009B1AF9 /* Main.storyboard in Resources */ = {isa = PBXBuildFile; fileRef = 1A51629F1B3E8921009B1AF9 /* Main.storyboard */; };
		1A5162AD1B3E8A6A009B1AF9 /* ViewController.m in Sources */ = {isa = PBXBuildFile; fileRef = 1A5162A21B3E8A6A009B1AF9 /* ViewController.m */; };
		1A5162AE1B3E8A6A009B1AF9 /* compileViewController.m in Sources */ = {isa = PBXBuildFile; fileRef = 1A5162A41B3E8A6A009B1AF9 /* compileViewController.m */; };
		1A5162AF1B3E8A6A009B1AF9 /* MakeTestViewController.m in Sources */ = {isa = PBXBuildFile; fileRef = 1A5162A61B3E8A6A009B1AF9 /* MakeTestViewController.m */; };
		1A5162B01B3E8A6A009B1AF9 /* TestViewController.m in Sources */ = {isa = PBXBuildFile; fileRef = 1A5162A81B3E8A6A009B1AF9 /* TestViewController.m */; };
		1A5162B11B3E8A6A009B1AF9 /* TestListViewController.m in Sources */ = {isa = PBXBuildFile; fileRef = 1A5162AA1B3E8A6A009B1AF9 /* TestListViewController.m */; };
		1A5162B21B3E8A6A009B1AF9 /* QuestionListViewController.m in Sources */ = {isa = PBXBuildFile; fileRef = 1A5162AC1B3E8A6A009B1AF9 /* QuestionListViewController.m */; };
/* End PBXBuildFile section */

/* Begin PBXContainerItemProxy section */
		1A5162901B3E878A009B1AF9 /* PBXContainerItemProxy */ = {
			isa = PBXContainerItemProxy;
			containerPortal = 1A51626E1B3E8789009B1AF9 /* Project object */;
			proxyType = 1;
			remoteGlobalIDString = 1A5162751B3E878A009B1AF9;
			remoteInfo = testforGit;
		};
/* End PBXContainerItemProxy section */

/* Begin PBXFileReference section */
		1A5162761B3E878A009B1AF9 /* testforGit.app */ = {isa = PBXFileReference; explicitFileType = wrapper.application; includeInIndex = 0; path = testforGit.app; sourceTree = BUILT_PRODUCTS_DIR; };
		1A51627A1B3E878A009B1AF9 /* Info.plist */ = {isa = PBXFileReference; lastKnownFileType = text.plist.xml; path = Info.plist; sourceTree = "<group>"; };
		1A51627B1B3E878A009B1AF9 /* main.m */ = {isa = PBXFileReference; lastKnownFileType = sourcecode.c.objc; path = main.m; sourceTree = "<group>"; };
		1A51627D1B3E878A009B1AF9 /* AppDelegate.h */ = {isa = PBXFileReference; lastKnownFileType = sourcecode.c.h; path = AppDelegate.h; sourceTree = "<group>"; };
		1A51627E1B3E878A009B1AF9 /* AppDelegate.m */ = {isa = PBXFileReference; lastKnownFileType = sourcecode.c.objc; path = AppDelegate.m; sourceTree = "<group>"; };
		1A5162861B3E878A009B1AF9 /* Images.xcassets */ = {isa = PBXFileReference; lastKnownFileType = folder.assetcatalog; path = Images.xcassets; sourceTree = "<group>"; };
		1A5162891B3E878A009B1AF9 /* Base */ = {isa = PBXFileReference; lastKnownFileType = file.xib; name = Base; path = Base.lproj/LaunchScreen.xib; sourceTree = "<group>"; };
		1A51628F1B3E878A009B1AF9 /* testforGitTests.xctest */ = {isa = PBXFileReference; explicitFileType = wrapper.cfbundle; includeInIndex = 0; path = testforGitTests.xctest; sourceTree = BUILT_PRODUCTS_DIR; };
		1A5162941B3E878A009B1AF9 /* Info.plist */ = {isa = PBXFileReference; lastKnownFileType = text.plist.xml; path = Info.plist; sourceTree = "<group>"; };
		1A5162951B3E878A009B1AF9 /* testforGitTests.m */ = {isa = PBXFileReference; lastKnownFileType = sourcecode.c.objc; path = testforGitTests.m; sourceTree = "<group>"; };
		1A51629F1B3E8921009B1AF9 /* Main.storyboard */ = {isa = PBXFileReference; fileEncoding = 4; lastKnownFileType = file.storyboard; path = Main.storyboard; sourceTree = "<group>"; };
		1A5162A11B3E8A6A009B1AF9 /* ViewController.h */ = {isa = PBXFileReference; fileEncoding = 4; lastKnownFileType = sourcecode.c.h; path = ViewController.h; sourceTree = "<group>"; };
		1A5162A21B3E8A6A009B1AF9 /* ViewController.m */ = {isa = PBXFileReference; fileEncoding = 4; lastKnownFileType = sourcecode.c.objc; path = ViewController.m; sourceTree = "<group>"; };
		1A5162A31B3E8A6A009B1AF9 /* compileViewController.h */ = {isa = PBXFileReference; fileEncoding = 4; lastKnownFileType = sourcecode.c.h; path = compileViewController.h; sourceTree = "<group>"; };
		1A5162A41B3E8A6A009B1AF9 /* compileViewController.m */ = {isa = PBXFileReference; fileEncoding = 4; lastKnownFileType = sourcecode.c.objc; path = compileViewController.m; sourceTree = "<group>"; };
		1A5162A51B3E8A6A009B1AF9 /* MakeTestViewController.h */ = {isa = PBXFileReference; fileEncoding = 4; lastKnownFileType = sourcecode.c.h; path = MakeTestViewController.h; sourceTree = "<group>"; };
		1A5162A61B3E8A6A009B1AF9 /* MakeTestViewController.m */ = {isa = PBXFileReference; fileEncoding = 4; lastKnownFileType = sourcecode.c.objc; path = MakeTestViewController.m; sourceTree = "<group>"; };
		1A5162A71B3E8A6A009B1AF9 /* TestViewController.h */ = {isa = PBXFileReference; fileEncoding = 4; lastKnownFileType = sourcecode.c.h; path = TestViewController.h; sourceTree = "<group>"; };
		1A5162A81B3E8A6A009B1AF9 /* TestViewController.m */ = {isa = PBXFileReference; fileEncoding = 4; lastKnownFileType = sourcecode.c.objc; path = TestViewController.m; sourceTree = "<group>"; };
		1A5162A91B3E8A6A009B1AF9 /* TestListViewController.h */ = {isa = PBXFileReference; fileEncoding = 4; lastKnownFileType = sourcecode.c.h; path = TestListViewController.h; sourceTree = "<group>"; };
		1A5162AA1B3E8A6A009B1AF9 /* TestListViewController.m */ = {isa = PBXFileReference; fileEncoding = 4; lastKnownFileType = sourcecode.c.objc; path = TestListViewController.m; sourceTree = "<group>"; };
		1A5162AB1B3E8A6A009B1AF9 /* QuestionListViewController.h */ = {isa = PBXFileReference; fileEncoding = 4; lastKnownFileType = sourcecode.c.h; path = QuestionListViewController.h; sourceTree = "<group>"; };
		1A5162AC1B3E8A6A009B1AF9 /* QuestionListViewController.m */ = {isa = PBXFileReference; fileEncoding = 4; lastKnownFileType = sourcecode.c.objc; path = QuestionListViewController.m; sourceTree = "<group>"; };
/* End PBXFileReference section */

/* Begin PBXFrameworksBuildPhase section */
		1A5162731B3E878A009B1AF9 /* Frameworks */ = {
			isa = PBXFrameworksBuildPhase;
			buildActionMask = 2147483647;
			files = (
			);
			runOnlyForDeploymentPostprocessing = 0;
		};
		1A51628C1B3E878A009B1AF9 /* Frameworks */ = {
			isa = PBXFrameworksBuildPhase;
			buildActionMask = 2147483647;
			files = (
			);
			runOnlyForDeploymentPostprocessing = 0;
		};
/* End PBXFrameworksBuildPhase section */

/* Begin PBXGroup section */
		1A51626D1B3E8789009B1AF9 = {
			isa = PBXGroup;
			children = (
				1A5162781B3E878A009B1AF9 /* testforGit */,
				1A5162921B3E878A009B1AF9 /* testforGitTests */,
				1A5162771B3E878A009B1AF9 /* Products */,
			);
			sourceTree = "<group>";
		};
		1A5162771B3E878A009B1AF9 /* Products */ = {
			isa = PBXGroup;
			children = (
				1A5162761B3E878A009B1AF9 /* testforGit.app */,
				1A51628F1B3E878A009B1AF9 /* testforGitTests.xctest */,
			);
			name = Products;
			sourceTree = "<group>";
		};
		1A5162781B3E878A009B1AF9 /* testforGit */ = {
			isa = PBXGroup;
			children = (
				1A51627D1B3E878A009B1AF9 /* AppDelegate.h */,
				1A51627E1B3E878A009B1AF9 /* AppDelegate.m */,
				1A5162B31B3E8A6F009B1AF9 /* ViewControllers */,
				1A51629F1B3E8921009B1AF9 /* Main.storyboard */,
				1A5162861B3E878A009B1AF9 /* Images.xcassets */,
				1A5162881B3E878A009B1AF9 /* LaunchScreen.xib */,
				1A5162791B3E878A009B1AF9 /* Supporting Files */,
			);
			path = testforGit;
			sourceTree = "<group>";
		};
		1A5162791B3E878A009B1AF9 /* Supporting Files */ = {
			isa = PBXGroup;
			children = (
				1A51627A1B3E878A009B1AF9 /* Info.plist */,
				1A51627B1B3E878A009B1AF9 /* main.m */,
			);
			name = "Supporting Files";
			sourceTree = "<group>";
		};
		1A5162921B3E878A009B1AF9 /* testforGitTests */ = {
			isa = PBXGroup;
			children = (
				1A5162951B3E878A009B1AF9 /* testforGitTests.m */,
				1A5162931B3E878A009B1AF9 /* Supporting Files */,
			);
			path = testforGitTests;
			sourceTree = "<group>";
		};
		1A5162931B3E878A009B1AF9 /* Supporting Files */ = {
			isa = PBXGroup;
			children = (
				1A5162941B3E878A009B1AF9 /* Info.plist */,
			);
			name = "Supporting Files";
			sourceTree = "<group>";
		};
		1A5162B31B3E8A6F009B1AF9 /* ViewControllers */ = {
			isa = PBXGroup;
			children = (
				1A5162A11B3E8A6A009B1AF9 /* ViewController.h */,
				1A5162A21B3E8A6A009B1AF9 /* ViewController.m */,
				1A5162A31B3E8A6A009B1AF9 /* compileViewController.h */,
				1A5162A41B3E8A6A009B1AF9 /* compileViewController.m */,
				1A5162A71B3E8A6A009B1AF9 /* TestViewController.h */,
				1A5162A81B3E8A6A009B1AF9 /* TestViewController.m */,
				1A5162A91B3E8A6A009B1AF9 /* TestListViewController.h */,
				1A5162AA1B3E8A6A009B1AF9 /* TestListViewController.m */,
				1A5162AB1B3E8A6A009B1AF9 /* QuestionListViewController.h */,
				1A5162AC1B3E8A6A009B1AF9 /* QuestionListViewController.m */,
				1A5162A51B3E8A6A009B1AF9 /* MakeTestViewController.h */,
				1A5162A61B3E8A6A009B1AF9 /* MakeTestViewController.m */,
			);
			name = ViewControllers;
			sourceTree = "<group>";
		};
/* End PBXGroup section */

/* Begin PBXNativeTarget section */
		1A5162751B3E878A009B1AF9 /* testforGit */ = {
			isa = PBXNativeTarget;
			buildConfigurationList = 1A5162991B3E878A009B1AF9 /* Build configuration list for PBXNativeTarget "testforGit" */;
			buildPhases = (
				1A5162721B3E878A009B1AF9 /* Sources */,
				1A5162731B3E878A009B1AF9 /* Frameworks */,
				1A5162741B3E878A009B1AF9 /* Resources */,
			);
			buildRules = (
			);
			dependencies = (
			);
			name = testforGit;
			productName = testforGit;
			productReference = 1A5162761B3E878A009B1AF9 /* testforGit.app */;
			productType = "com.apple.product-type.application";
		};
		1A51628E1B3E878A009B1AF9 /* testforGitTests */ = {
			isa = PBXNativeTarget;
			buildConfigurationList = 1A51629C1B3E878A009B1AF9 /* Build configuration list for PBXNativeTarget "testforGitTests" */;
			buildPhases = (
				1A51628B1B3E878A009B1AF9 /* Sources */,
				1A51628C1B3E878A009B1AF9 /* Frameworks */,
				1A51628D1B3E878A009B1AF9 /* Resources */,
			);
			buildRules = (
			);
			dependencies = (
				1A5162911B3E878A009B1AF9 /* PBXTargetDependency */,
			);
			name = testforGitTests;
			productName = testforGitTests;
			productReference = 1A51628F1B3E878A009B1AF9 /* testforGitTests.xctest */;
			productType = "com.apple.product-type.bundle.unit-test";
		};
/* End PBXNativeTarget section */

/* Begin PBXProject section */
		1A51626E1B3E8789009B1AF9 /* Project object */ = {
			isa = PBXProject;
			attributes = {
				LastUpgradeCheck = 0630;
				ORGANIZATIONNAME = "Syotaro Shimizu";
				TargetAttributes = {
					1A5162751B3E878A009B1AF9 = {
						CreatedOnToolsVersion = 6.3.2;
					};
					1A51628E1B3E878A009B1AF9 = {
						CreatedOnToolsVersion = 6.3.2;
						TestTargetID = 1A5162751B3E878A009B1AF9;
					};
				};
			};
			buildConfigurationList = 1A5162711B3E8789009B1AF9 /* Build configuration list for PBXProject "testforGit" */;
			compatibilityVersion = "Xcode 3.2";
			developmentRegion = English;
			hasScannedForEncodings = 0;
			knownRegions = (
				en,
				Base,
			);
			mainGroup = 1A51626D1B3E8789009B1AF9;
			productRefGroup = 1A5162771B3E878A009B1AF9 /* Products */;
			projectDirPath = "";
			projectRoot = "";
			targets = (
				1A5162751B3E878A009B1AF9 /* testforGit */,
				1A51628E1B3E878A009B1AF9 /* testforGitTests */,
			);
		};
/* End PBXProject section */

/* Begin PBXResourcesBuildPhase section */
		1A5162741B3E878A009B1AF9 /* Resources */ = {
			isa = PBXResourcesBuildPhase;
			buildActionMask = 2147483647;
			files = (
				1A51628A1B3E878A009B1AF9 /* LaunchScreen.xib in Resources */,
				1A5162871B3E878A009B1AF9 /* Images.xcassets in Resources */,
				1A5162A01B3E8921009B1AF9 /* Main.storyboard in Resources */,
			);
			runOnlyForDeploymentPostprocessing = 0;
		};
		1A51628D1B3E878A009B1AF9 /* Resources */ = {
			isa = PBXResourcesBuildPhase;
			buildActionMask = 2147483647;
			files = (
			);
			runOnlyForDeploymentPostprocessing = 0;
		};
/* End PBXResourcesBuildPhase section */

/* Begin PBXSourcesBuildPhase section */
		1A5162721B3E878A009B1AF9 /* Sources */ = {
			isa = PBXSourcesBuildPhase;
			buildActionMask = 2147483647;
			files = (
				1A5162B01B3E8A6A009B1AF9 /* TestViewController.m in Sources */,
				1A5162B11B3E8A6A009B1AF9 /* TestListViewController.m in Sources */,
				1A5162B21B3E8A6A009B1AF9 /* QuestionListViewController.m in Sources */,
				1A5162AD1B3E8A6A009B1AF9 /* ViewController.m in Sources */,
				1A51627F1B3E878A009B1AF9 /* AppDelegate.m in Sources */,
				1A5162AF1B3E8A6A009B1AF9 /* MakeTestViewController.m in Sources */,
				1A5162AE1B3E8A6A009B1AF9 /* compileViewController.m in Sources */,
				1A51627C1B3E878A009B1AF9 /* main.m in Sources */,
			);
			runOnlyForDeploymentPostprocessing = 0;
		};
		1A51628B1B3E878A009B1AF9 /* Sources */ = {
			isa = PBXSourcesBuildPhase;
			buildActionMask = 2147483647;
			files = (
				1A5162961B3E878A009B1AF9 /* testforGitTests.m in Sources */,
			);
			runOnlyForDeploymentPostprocessing = 0;
		};
/* End PBXSourcesBuildPhase section */

/* Begin PBXTargetDependency section */
		1A5162911B3E878A009B1AF9 /* PBXTargetDependency */ = {
			isa = PBXTargetDependency;
			target = 1A5162751B3E878A009B1AF9 /* testforGit */;
			targetProxy = 1A5162901B3E878A009B1AF9 /* PBXContainerItemProxy */;
		};
/* End PBXTargetDependency section */

/* Begin PBXVariantGroup section */
		1A5162881B3E878A009B1AF9 /* LaunchScreen.xib */ = {
			isa = PBXVariantGroup;
			children = (
				1A5162891B3E878A009B1AF9 /* Base */,
			);
			name = LaunchScreen.xib;
			sourceTree = "<group>";
		};
/* End PBXVariantGroup section */

/* Begin XCBuildConfiguration section */
		1A5162971B3E878A009B1AF9 /* Debug */ = {
			isa = XCBuildConfiguration;
			buildSettings = {
				ALWAYS_SEARCH_USER_PATHS = NO;
				CLANG_CXX_LANGUAGE_STANDARD = "gnu++0x";
				CLANG_CXX_LIBRARY = "libc++";
				CLANG_ENABLE_MODULES = YES;
				CLANG_ENABLE_OBJC_ARC = YES;
				CLANG_WARN_BOOL_CONVERSION = YES;
				CLANG_WARN_CONSTANT_CONVERSION = YES;
				CLANG_WARN_DIRECT_OBJC_ISA_USAGE = YES_ERROR;
				CLANG_WARN_EMPTY_BODY = YES;
				CLANG_WARN_ENUM_CONVERSION = YES;
				CLANG_WARN_INT_CONVERSION = YES;
				CLANG_WARN_OBJC_ROOT_CLASS = YES_ERROR;
				CLANG_WARN_UNREACHABLE_CODE = YES;
				CLANG_WARN__DUPLICATE_METHOD_MATCH = YES;
				"CODE_SIGN_IDENTITY[sdk=iphoneos*]" = "iPhone Developer";
				COPY_PHASE_STRIP = NO;
				DEBUG_INFORMATION_FORMAT = "dwarf-with-dsym";
				ENABLE_STRICT_OBJC_MSGSEND = YES;
				GCC_C_LANGUAGE_STANDARD = gnu99;
				GCC_DYNAMIC_NO_PIC = NO;
				GCC_NO_COMMON_BLOCKS = YES;
				GCC_OPTIMIZATION_LEVEL = 0;
				GCC_PREPROCESSOR_DEFINITIONS = (
					"DEBUG=1",
					"$(inherited)",
				);
				GCC_SYMBOLS_PRIVATE_EXTERN = NO;
				GCC_WARN_64_TO_32_BIT_CONVERSION = YES;
				GCC_WARN_ABOUT_RETURN_TYPE = YES_ERROR;
				GCC_WARN_UNDECLARED_SELECTOR = YES;
				GCC_WARN_UNINITIALIZED_AUTOS = YES_AGGRESSIVE;
				GCC_WARN_UNUSED_FUNCTION = YES;
				GCC_WARN_UNUSED_VARIABLE = YES;
				IPHONEOS_DEPLOYMENT_TARGET = 8.3;
				MTL_ENABLE_DEBUG_INFO = YES;
				ONLY_ACTIVE_ARCH = YES;
				SDKROOT = iphoneos;
			};
			name = Debug;
		};
		1A5162981B3E878A009B1AF9 /* Release */ = {
			isa = XCBuildConfiguration;
			buildSettings = {
				ALWAYS_SEARCH_USER_PATHS = NO;
				CLANG_CXX_LANGUAGE_STANDARD = "gnu++0x";
				CLANG_CXX_LIBRARY = "libc++";
				CLANG_ENABLE_MODULES = YES;
				CLANG_ENABLE_OBJC_ARC = YES;
				CLANG_WARN_BOOL_CONVERSION = YES;
				CLANG_WARN_CONSTANT_CONVERSION = YES;
				CLANG_WARN_DIRECT_OBJC_ISA_USAGE = YES_ERROR;
				CLANG_WARN_EMPTY_BODY = YES;
				CLANG_WARN_ENUM_CONVERSION = YES;
				CLANG_WARN_INT_CONVERSION = YES;
				CLANG_WARN_OBJC_ROOT_CLASS = YES_ERROR;
				CLANG_WARN_UNREACHABLE_CODE = YES;
				CLANG_WARN__DUPLICATE_METHOD_MATCH = YES;
				"CODE_SIGN_IDENTITY[sdk=iphoneos*]" = "iPhone Developer";
				COPY_PHASE_STRIP = NO;
				DEBUG_INFORMATION_FORMAT = "dwarf-with-dsym";
				ENABLE_NS_ASSERTIONS = NO;
				ENABLE_STRICT_OBJC_MSGSEND = YES;
				GCC_C_LANGUAGE_STANDARD = gnu99;
				GCC_NO_COMMON_BLOCKS = YES;
				GCC_WARN_64_TO_32_BIT_CONVERSION = YES;
				GCC_WARN_ABOUT_RETURN_TYPE = YES_ERROR;
				GCC_WARN_UNDECLARED_SELECTOR = YES;
				GCC_WARN_UNINITIALIZED_AUTOS = YES_AGGRESSIVE;
				GCC_WARN_UNUSED_FUNCTION = YES;
				GCC_WARN_UNUSED_VARIABLE = YES;
				IPHONEOS_DEPLOYMENT_TARGET = 8.3;
				MTL_ENABLE_DEBUG_INFO = NO;
				SDKROOT = iphoneos;
				VALIDATE_PRODUCT = YES;
			};
			name = Release;
		};
		1A51629A1B3E878A009B1AF9 /* Debug */ = {
			isa = XCBuildConfiguration;
			buildSettings = {
				ASSETCATALOG_COMPILER_APPICON_NAME = AppIcon;
				INFOPLIST_FILE = testforGit/Info.plist;
				LD_RUNPATH_SEARCH_PATHS = "$(inherited) @executable_path/Frameworks";
				PRODUCT_NAME = "$(TARGET_NAME)";
			};
			name = Debug;
		};
		1A51629B1B3E878A009B1AF9 /* Release */ = {
			isa = XCBuildConfiguration;
			buildSettings = {
				ASSETCATALOG_COMPILER_APPICON_NAME = AppIcon;
				INFOPLIST_FILE = testforGit/Info.plist;
				LD_RUNPATH_SEARCH_PATHS = "$(inherited) @executable_path/Frameworks";
				PRODUCT_NAME = "$(TARGET_NAME)";
			};
			name = Release;
		};
		1A51629D1B3E878A009B1AF9 /* Debug */ = {
			isa = XCBuildConfiguration;
			buildSettings = {
				BUNDLE_LOADER = "$(TEST_HOST)";
				FRAMEWORK_SEARCH_PATHS = (
					"$(SDKROOT)/Developer/Library/Frameworks",
					"$(inherited)",
				);
				GCC_PREPROCESSOR_DEFINITIONS = (
					"DEBUG=1",
					"$(inherited)",
				);
				INFOPLIST_FILE = testforGitTests/Info.plist;
				LD_RUNPATH_SEARCH_PATHS = "$(inherited) @executable_path/Frameworks @loader_path/Frameworks";
				PRODUCT_NAME = "$(TARGET_NAME)";
				TEST_HOST = "$(BUILT_PRODUCTS_DIR)/testforGit.app/testforGit";
			};
			name = Debug;
		};
		1A51629E1B3E878A009B1AF9 /* Release */ = {
			isa = XCBuildConfiguration;
			buildSettings = {
				BUNDLE_LOADER = "$(TEST_HOST)";
				FRAMEWORK_SEARCH_PATHS = (
					"$(SDKROOT)/Developer/Library/Frameworks",
					"$(inherited)",
				);
				INFOPLIST_FILE = testforGitTests/Info.plist;
				LD_RUNPATH_SEARCH_PATHS = "$(inherited) @executable_path/Frameworks @loader_path/Frameworks";
				PRODUCT_NAME = "$(TARGET_NAME)";
				TEST_HOST = "$(BUILT_PRODUCTS_DIR)/testforGit.app/testforGit";
			};
			name = Release;
		};
/* End XCBuildConfiguration section */

/* Begin XCConfigurationList section */
		1A5162711B3E8789009B1AF9 /* Build configuration list for PBXProject "testforGit" */ = {
			isa = XCConfigurationList;
			buildConfigurations = (
				1A5162971B3E878A009B1AF9 /* Debug */,
				1A5162981B3E878A009B1AF9 /* Release */,
			);
			defaultConfigurationIsVisible = 0;
			defaultConfigurationName = Release;
		};
		1A5162991B3E878A009B1AF9 /* Build configuration list for PBXNativeTarget "testforGit" */ = {
			isa = XCConfigurationList;
			buildConfigurations = (
				1A51629A1B3E878A009B1AF9 /* Debug */,
				1A51629B1B3E878A009B1AF9 /* Release */,
			);
			defaultConfigurationIsVisible = 0;
		};
		1A51629C1B3E878A009B1AF9 /* Build configuration list for PBXNativeTarget "testforGitTests" */ = {
			isa = XCConfigurationList;
			buildConfigurations = (
				1A51629D1B3E878A009B1AF9 /* Debug */,
				1A51629E1B3E878A009B1AF9 /* Release */,
			);
			defaultConfigurationIsVisible = 0;
		};
/* End XCConfigurationList section */
	};
	rootObject = 1A51626E1B3E8789009B1AF9 /* Project object */;
}
